{
  "requires": true,
  "lockfileVersion": 1,
  "dependencies": {
    "browserify-handlebars": {
      "version": "1.0.0",
      "resolved": "https://registry.npmjs.org/browserify-handlebars/-/browserify-handlebars-1.0.0.tgz",
      "integrity": "sha1-2ZJVfj3OqPpDtcBm8ZbSmrxrfRg=",
      "requires": {
        "through": "~2.3.4"
      }
    },
    "through": {
      "version": "2.3.8",
      "resolved": "https://registry.npmjs.org/through/-/through-2.3.8.tgz",
      "integrity": "sha1-DdTJ/6q8NXlgsbckEV1+Doai4fU="
    },
    "uniq": {
      "version": "1.0.1",
      "resolved": "https://registry.npmjs.org/uniq/-/uniq-1.0.1.tgz",
      "integrity": "sha1-sxxa6CVIRKOoKBVBzisEuGWnNP8="
    }
  }
}
